
Microsoft Visual Studio Solution File, Format Version 12.00
# Visual Studio 2013
VisualStudioVersion = 12.0.21005.1
MinimumVisualStudioVersion = 10.0.40219.1
Project("{FAE04EC0-301F-11D3-BF4B-00C04F79EFBC}") = "01_CalculateSquareRoot", "01_CalculateSquareRoot\01_CalculateSquareRoot.csproj", "{97B8739B-EADF-4B3E-A26E-8C0C520C94E9}"
EndProject
Project("{FAE04EC0-301F-11D3-BF4B-00C04F79EFBC}") = "02_ReadNumberInGivenRange", "02_ReadNumberInGivenRange\02_ReadNumberInGivenRange.csproj", "{2C34779F-B13E-4B9F-AA59-54F128C8129A}"
EndProject
Project("{FAE04EC0-301F-11D3-BF4B-00C04F79EFBC}") = "03_ReadAntPrintFileContentByGivenPath", "03_ReadAntPrintFileContentByGivenPath\03_ReadAntPrintFileContentByGivenPath.csproj", "{7495F6B7-26C1-474C-BDCE-A7B76C18F217}"
EndProject
Project("{FAE04EC0-301F-11D3-BF4B-00C04F79EFBC}") = "04_DownloadFileFromInternet", "04_DownloadFileFromInternet\04_DownloadFileFromInternet.csproj", "{52D2A367-9353-4C96-B1F0-D510CDE52438}"
EndProject
Global
	GlobalSection(SolutionConfigurationPlatforms) = preSolution
		Debug|Any CPU = Debug|Any CPU
		Release|Any CPU = Release|Any CPU
	EndGlobalSection
	GlobalSection(ProjectConfigurationPlatforms) = postSolution
		{97B8739B-EADF-4B3E-A26E-8C0C520C94E9}.Debug|Any CPU.ActiveCfg = Debug|Any CPU
		{97B8739B-EADF-4B3E-A26E-8C0C520C94E9}.Debug|Any CPU.Build.0 = Debug|Any CPU
		{97B8739B-EADF-4B3E-A26E-8C0C520C94E9}.Release|Any CPU.ActiveCfg = Release|Any CPU
		{97B8739B-EADF-4B3E-A26E-8C0C520C94E9}.Release|Any CPU.Build.0 = Release|Any CPU
		{2C34779F-B13E-4B9F-AA59-54F128C8129A}.Debug|Any CPU.ActiveCfg = Debug|Any CPU
		{2C34779F-B13E-4B9F-AA59-54F128C8129A}.Debug|Any CPU.Build.0 = Debug|Any CPU
		{2C34779F-B13E-4B9F-AA59-54F128C8129A}.Release|Any CPU.ActiveCfg = Release|Any CPU
		{2C34779F-B13E-4B9F-AA59-54F128C8129A}.Release|Any CPU.Build.0 = Release|Any CPU
		{7495F6B7-26C1-474C-BDCE-A7B76C18F217}.Debug|Any CPU.ActiveCfg = Debug|Any CPU
		{7495F6B7-26C1-474C-BDCE-A7B76C18F217}.Debug|Any CPU.Build.0 = Debug|Any CPU
		{7495F6B7-26C1-474C-BDCE-A7B76C18F217}.Release|Any CPU.ActiveCfg = Release|Any CPU
		{7495F6B7-26C1-474C-BDCE-A7B76C18F217}.Release|Any CPU.Build.0 = Release|Any CPU
		{52D2A367-9353-4C96-B1F0-D510CDE52438}.Debug|Any CPU.ActiveCfg = Debug|Any CPU
		{52D2A367-9353-4C96-B1F0-D510CDE52438}.Debug|Any CPU.Build.0 = Debug|Any CPU
		{52D2A367-9353-4C96-B1F0-D510CDE52438}.Release|Any CPU.ActiveCfg = Release|Any CPU
		{52D2A367-9353-4C96-B1F0-D510CDE52438}.Release|Any CPU.Build.0 = Release|Any CPU
	EndGlobalSection
	GlobalSection(SolutionProperties) = preSolution
		HideSolutionNode = FALSE
	EndGlobalSection
EndGlobal
