
Microsoft Visual Studio Solution File, Format Version 12.00
# Visual Studio 2012
Project("{FAE04EC0-301F-11D3-BF4B-00C04F79EFBC}") = "TheMillGame", "TheMillGame\TheMillGame.csproj", "{F94D67F2-970A-4B75-857D-A5527209F1CD}"
EndProject
Global
	GlobalSection(TeamFoundationVersionControl) = preSolution
		SccNumberOfProjects = 2
		SccEnterpriseProvider = {4CA58AB2-18FA-4F8D-95D4-32DDF27D184C}
		SccTeamFoundationServer = https://termininja.visualstudio.com/defaultcollection
		SccLocalPath0 = .
		SccProjectUniqueName1 = TheMillGame\\TheMillGame.csproj
		SccProjectName1 = TheMillGame
		SccLocalPath1 = TheMillGame
	EndGlobalSection
	GlobalSection(SolutionConfigurationPlatforms) = preSolution
		Debug|Any CPU = Debug|Any CPU
		Release|Any CPU = Release|Any CPU
	EndGlobalSection
	GlobalSection(ProjectConfigurationPlatforms) = postSolution
		{F94D67F2-970A-4B75-857D-A5527209F1CD}.Debug|Any CPU.ActiveCfg = Debug|Any CPU
		{F94D67F2-970A-4B75-857D-A5527209F1CD}.Debug|Any CPU.Build.0 = Debug|Any CPU
		{F94D67F2-970A-4B75-857D-A5527209F1CD}.Release|Any CPU.ActiveCfg = Release|Any CPU
		{F94D67F2-970A-4B75-857D-A5527209F1CD}.Release|Any CPU.Build.0 = Release|Any CPU
	EndGlobalSection
	GlobalSection(SolutionProperties) = preSolution
		HideSolutionNode = FALSE
	EndGlobalSection
EndGlobal
